
Microsoft Visual Studio Solution File, Format Version 12.00
# Visual Studio 2012
Project("{FAE04EC0-301F-11D3-BF4B-00C04F79EFBC}") = "BangDB_CSharp", "BangDB_CSharp.csproj", "{269FEABC-5D40-4879-B0FC-D54F31F67F4A}"
EndProject
Global
	GlobalSection(SolutionConfigurationPlatforms) = preSolution
		Debug|Any CPU = Debug|Any CPU
		Debug|x64 = Debug|x64
		Release|Any CPU = Release|Any CPU
		Release|x64 = Release|x64
	EndGlobalSection
	GlobalSection(ProjectConfigurationPlatforms) = postSolution
		{269FEABC-5D40-4879-B0FC-D54F31F67F4A}.Debug|Any CPU.ActiveCfg = Debug|Any CPU
		{269FEABC-5D40-4879-B0FC-D54F31F67F4A}.Debug|Any CPU.Build.0 = Debug|Any CPU
		{269FEABC-5D40-4879-B0FC-D54F31F67F4A}.Debug|x64.ActiveCfg = Debug|x64
		{269FEABC-5D40-4879-B0FC-D54F31F67F4A}.Debug|x64.Build.0 = Debug|x64
		{269FEABC-5D40-4879-B0FC-D54F31F67F4A}.Release|Any CPU.ActiveCfg = Release|Any CPU
		{269FEABC-5D40-4879-B0FC-D54F31F67F4A}.Release|Any CPU.Build.0 = Release|Any CPU
		{269FEABC-5D40-4879-B0FC-D54F31F67F4A}.Release|x64.ActiveCfg = Release|x64
		{269FEABC-5D40-4879-B0FC-D54F31F67F4A}.Release|x64.Build.0 = Release|x64
	EndGlobalSection
	GlobalSection(SolutionProperties) = preSolution
		HideSolutionNode = FALSE
	EndGlobalSection
EndGlobal
